
Microsoft Visual Studio Solution File, Format Version 12.00
# Visual Studio Version 17
VisualStudioVersion = 17.0.31903.59
MinimumVisualStudioVersion = 10.0.40219.1
Project("{9A19103F-16F7-4668-BE54-9A1E7A4F7556}") = "DeveloperPath.WebApi", "src\DeveloperPath.WebApi\DeveloperPath.WebApi.csproj", "{724D5EE1-C2C3-42E3-8BAE-D75E57BA3CD8}"
EndProject
Project("{9A19103F-16F7-4668-BE54-9A1E7A4F7556}") = "DeveloperPath.Domain", "src\DeveloperPath.Domain\DeveloperPath.Domain.csproj", "{C7E89A3E-A631-4760-8D61-BD1EAB1C4E69}"
EndProject
Project("{9A19103F-16F7-4668-BE54-9A1E7A4F7556}") = "DeveloperPath.Application", "src\DeveloperPath.Application\DeveloperPath.Application.csproj", "{34C0FACD-F3D9-400C-8945-554DD6B0819A}"
EndProject
Project("{9A19103F-16F7-4668-BE54-9A1E7A4F7556}") = "DeveloperPath.Infrastructure", "src\DeveloperPath.Infrastructure\DeveloperPath.Infrastructure.csproj", "{117DA02F-5274-4565-ACC6-DA9B6E568B09}"
EndProject
Project("{2150E333-8FDC-42A3-9474-1A3956D46DE8}") = "src", "src", "{6ED356A7-8B47-4613-AD01-C85CF28491BD}"
EndProject
Project("{2150E333-8FDC-42A3-9474-1A3956D46DE8}") = "tests", "tests", "{664D406C-2F83-48F0-BFC3-408D5CB53C65}"
EndProject
Project("{9A19103F-16F7-4668-BE54-9A1E7A4F7556}") = "Application.UnitTests", "tests\Application.UnitTests\Application.UnitTests.csproj", "{DEFF4009-1FAB-4392-80B6-707E2DC5C00B}"
EndProject
Project("{9A19103F-16F7-4668-BE54-9A1E7A4F7556}") = "Domain.UnitTests", "tests\Domain.UnitTests\Domain.UnitTests.csproj", "{DC37FD87-552C-4613-9F16-1537CA522898}"
EndProject
Project("{9A19103F-16F7-4668-BE54-9A1E7A4F7556}") = "Application.IntegrationTests", "tests\Applicaton.IntegrationTests\Application.IntegrationTests.csproj", "{4FF7E541-E4BA-4FF4-BE25-EC907D92BDA8}"
EndProject
Project("{9A19103F-16F7-4668-BE54-9A1E7A4F7556}") = "DeveloperPath.WebUI", "src\DeveloperPath.WebUI\DeveloperPath.WebUI.csproj", "{836433F9-FB77-4A29-B350-949C20D3855F}"
EndProject
Project("{9A19103F-16F7-4668-BE54-9A1E7A4F7556}") = "DeveloperPath.IdentityProvider", "src\DeveloperPath.IdentityProvider\DeveloperPath.IdentityProvider.csproj", "{A5B23408-DCBF-43BE-9898-FB6480D68AB0}"
EndProject
Project("{2150E333-8FDC-42A3-9474-1A3956D46DE8}") = "Web", "Web", "{69CF822C-3B52-492C-B1D0-B8907241A8DD}"
EndProject
Project("{2150E333-8FDC-42A3-9474-1A3956D46DE8}") = "ApplicationLayer", "ApplicationLayer", "{E9527FC4-A72C-461B-9EB3-DDA68FE31D2B}"
EndProject
Project("{2150E333-8FDC-42A3-9474-1A3956D46DE8}") = "DomainLayer", "DomainLayer", "{90623B90-91EB-40AB-82B2-8F453DC37B08}"
EndProject
Project("{2150E333-8FDC-42A3-9474-1A3956D46DE8}") = "InfrastructureLayer", "InfrastructureLayer", "{24EF268B-250A-4E37-8470-60EA85253982}"
EndProject
Project("{9A19103F-16F7-4668-BE54-9A1E7A4F7556}") = "Web.WebAPI", "tests\Web.WebAPI\Web.WebAPI.csproj", "{DB25231F-9C8C-48C7-BCB2-6C4A4C99D9B6}"
EndProject
Project("{9A19103F-16F7-4668-BE54-9A1E7A4F7556}") = "DeveloperPath.Shared", "src\DeveloperPath.Shared\DeveloperPath.Shared.csproj", "{85A6E329-7DE8-450D-87A7-F94CB6D5362C}"
EndProject
Project("{2150E333-8FDC-42A3-9474-1A3956D46DE8}") = "AzureFunctions", "AzureFunctions", "{532C03A2-2A33-4331-B519-7B0A70B08480}"
EndProject
Project("{9A19103F-16F7-4668-BE54-9A1E7A4F7556}") = "DeveloperPath.EmailVerificationFn", "src\AzureFunctions\DeveloperPath.EmailVerificationFn\DeveloperPath.EmailVerificationFn.csproj", "{4EFD8893-3392-4ECB-B539-9AF0D4157A92}"
EndProject
Project("{2150E333-8FDC-42A3-9474-1A3956D46DE8}") = "Shared", "Shared", "{262E306E-78B2-4ED6-B904-E18F1B5CD898}"
EndProject
Global
	GlobalSection(SolutionConfigurationPlatforms) = preSolution
		Debug|Any CPU = Debug|Any CPU
		Release|Any CPU = Release|Any CPU
	EndGlobalSection
	GlobalSection(ProjectConfigurationPlatforms) = postSolution
		{724D5EE1-C2C3-42E3-8BAE-D75E57BA3CD8}.Debug|Any CPU.ActiveCfg = Debug|Any CPU
		{724D5EE1-C2C3-42E3-8BAE-D75E57BA3CD8}.Debug|Any CPU.Build.0 = Debug|Any CPU
		{724D5EE1-C2C3-42E3-8BAE-D75E57BA3CD8}.Release|Any CPU.ActiveCfg = Release|Any CPU
		{724D5EE1-C2C3-42E3-8BAE-D75E57BA3CD8}.Release|Any CPU.Build.0 = Release|Any CPU
		{C7E89A3E-A631-4760-8D61-BD1EAB1C4E69}.Debug|Any CPU.ActiveCfg = Debug|Any CPU
		{C7E89A3E-A631-4760-8D61-BD1EAB1C4E69}.Debug|Any CPU.Build.0 = Debug|Any CPU
		{C7E89A3E-A631-4760-8D61-BD1EAB1C4E69}.Release|Any CPU.ActiveCfg = Release|Any CPU
		{C7E89A3E-A631-4760-8D61-BD1EAB1C4E69}.Release|Any CPU.Build.0 = Release|Any CPU
		{34C0FACD-F3D9-400C-8945-554DD6B0819A}.Debug|Any CPU.ActiveCfg = Debug|Any CPU
		{34C0FACD-F3D9-400C-8945-554DD6B0819A}.Debug|Any CPU.Build.0 = Debug|Any CPU
		{34C0FACD-F3D9-400C-8945-554DD6B0819A}.Release|Any CPU.ActiveCfg = Release|Any CPU
		{34C0FACD-F3D9-400C-8945-554DD6B0819A}.Release|Any CPU.Build.0 = Release|Any CPU
		{117DA02F-5274-4565-ACC6-DA9B6E568B09}.Debug|Any CPU.ActiveCfg = Debug|Any CPU
		{117DA02F-5274-4565-ACC6-DA9B6E568B09}.Debug|Any CPU.Build.0 = Debug|Any CPU
		{117DA02F-5274-4565-ACC6-DA9B6E568B09}.Release|Any CPU.ActiveCfg = Release|Any CPU
		{117DA02F-5274-4565-ACC6-DA9B6E568B09}.Release|Any CPU.Build.0 = Release|Any CPU
		{DEFF4009-1FAB-4392-80B6-707E2DC5C00B}.Debug|Any CPU.ActiveCfg = Debug|Any CPU
		{DEFF4009-1FAB-4392-80B6-707E2DC5C00B}.Debug|Any CPU.Build.0 = Debug|Any CPU
		{DEFF4009-1FAB-4392-80B6-707E2DC5C00B}.Release|Any CPU.ActiveCfg = Release|Any CPU
		{DEFF4009-1FAB-4392-80B6-707E2DC5C00B}.Release|Any CPU.Build.0 = Release|Any CPU
		{DC37FD87-552C-4613-9F16-1537CA522898}.Debug|Any CPU.ActiveCfg = Debug|Any CPU
		{DC37FD87-552C-4613-9F16-1537CA522898}.Debug|Any CPU.Build.0 = Debug|Any CPU
		{DC37FD87-552C-4613-9F16-1537CA522898}.Release|Any CPU.ActiveCfg = Release|Any CPU
		{DC37FD87-552C-4613-9F16-1537CA522898}.Release|Any CPU.Build.0 = Release|Any CPU
		{4FF7E541-E4BA-4FF4-BE25-EC907D92BDA8}.Debug|Any CPU.ActiveCfg = Debug|Any CPU
		{4FF7E541-E4BA-4FF4-BE25-EC907D92BDA8}.Debug|Any CPU.Build.0 = Debug|Any CPU
		{4FF7E541-E4BA-4FF4-BE25-EC907D92BDA8}.Release|Any CPU.ActiveCfg = Release|Any CPU
		{4FF7E541-E4BA-4FF4-BE25-EC907D92BDA8}.Release|Any CPU.Build.0 = Release|Any CPU
		{836433F9-FB77-4A29-B350-949C20D3855F}.Debug|Any CPU.ActiveCfg = Debug|Any CPU
		{836433F9-FB77-4A29-B350-949C20D3855F}.Debug|Any CPU.Build.0 = Debug|Any CPU
		{836433F9-FB77-4A29-B350-949C20D3855F}.Release|Any CPU.ActiveCfg = Release|Any CPU
		{836433F9-FB77-4A29-B350-949C20D3855F}.Release|Any CPU.Build.0 = Release|Any CPU
		{A5B23408-DCBF-43BE-9898-FB6480D68AB0}.Debug|Any CPU.ActiveCfg = Debug|Any CPU
		{A5B23408-DCBF-43BE-9898-FB6480D68AB0}.Debug|Any CPU.Build.0 = Debug|Any CPU
		{A5B23408-DCBF-43BE-9898-FB6480D68AB0}.Release|Any CPU.ActiveCfg = Release|Any CPU
		{A5B23408-DCBF-43BE-9898-FB6480D68AB0}.Release|Any CPU.Build.0 = Release|Any CPU
		{DB25231F-9C8C-48C7-BCB2-6C4A4C99D9B6}.Debug|Any CPU.ActiveCfg = Debug|Any CPU
		{DB25231F-9C8C-48C7-BCB2-6C4A4C99D9B6}.Debug|Any CPU.Build.0 = Debug|Any CPU
		{DB25231F-9C8C-48C7-BCB2-6C4A4C99D9B6}.Release|Any CPU.ActiveCfg = Release|Any CPU
		{DB25231F-9C8C-48C7-BCB2-6C4A4C99D9B6}.Release|Any CPU.Build.0 = Release|Any CPU
		{85A6E329-7DE8-450D-87A7-F94CB6D5362C}.Debug|Any CPU.ActiveCfg = Debug|Any CPU
		{85A6E329-7DE8-450D-87A7-F94CB6D5362C}.Debug|Any CPU.Build.0 = Debug|Any CPU
		{85A6E329-7DE8-450D-87A7-F94CB6D5362C}.Release|Any CPU.ActiveCfg = Release|Any CPU
		{85A6E329-7DE8-450D-87A7-F94CB6D5362C}.Release|Any CPU.Build.0 = Release|Any CPU
		{4EFD8893-3392-4ECB-B539-9AF0D4157A92}.Debug|Any CPU.ActiveCfg = Debug|Any CPU
		{4EFD8893-3392-4ECB-B539-9AF0D4157A92}.Debug|Any CPU.Build.0 = Debug|Any CPU
		{4EFD8893-3392-4ECB-B539-9AF0D4157A92}.Release|Any CPU.ActiveCfg = Release|Any CPU
		{4EFD8893-3392-4ECB-B539-9AF0D4157A92}.Release|Any CPU.Build.0 = Release|Any CPU
	EndGlobalSection
	GlobalSection(SolutionProperties) = preSolution
		HideSolutionNode = FALSE
	EndGlobalSection
	GlobalSection(NestedProjects) = preSolution
		{724D5EE1-C2C3-42E3-8BAE-D75E57BA3CD8} = {69CF822C-3B52-492C-B1D0-B8907241A8DD}
		{C7E89A3E-A631-4760-8D61-BD1EAB1C4E69} = {90623B90-91EB-40AB-82B2-8F453DC37B08}
		{34C0FACD-F3D9-400C-8945-554DD6B0819A} = {E9527FC4-A72C-461B-9EB3-DDA68FE31D2B}
		{117DA02F-5274-4565-ACC6-DA9B6E568B09} = {24EF268B-250A-4E37-8470-60EA85253982}
		{DEFF4009-1FAB-4392-80B6-707E2DC5C00B} = {664D406C-2F83-48F0-BFC3-408D5CB53C65}
		{DC37FD87-552C-4613-9F16-1537CA522898} = {664D406C-2F83-48F0-BFC3-408D5CB53C65}
		{4FF7E541-E4BA-4FF4-BE25-EC907D92BDA8} = {664D406C-2F83-48F0-BFC3-408D5CB53C65}
		{836433F9-FB77-4A29-B350-949C20D3855F} = {69CF822C-3B52-492C-B1D0-B8907241A8DD}
		{A5B23408-DCBF-43BE-9898-FB6480D68AB0} = {69CF822C-3B52-492C-B1D0-B8907241A8DD}
		{69CF822C-3B52-492C-B1D0-B8907241A8DD} = {6ED356A7-8B47-4613-AD01-C85CF28491BD}
		{E9527FC4-A72C-461B-9EB3-DDA68FE31D2B} = {6ED356A7-8B47-4613-AD01-C85CF28491BD}
		{90623B90-91EB-40AB-82B2-8F453DC37B08} = {6ED356A7-8B47-4613-AD01-C85CF28491BD}
		{24EF268B-250A-4E37-8470-60EA85253982} = {6ED356A7-8B47-4613-AD01-C85CF28491BD}
		{DB25231F-9C8C-48C7-BCB2-6C4A4C99D9B6} = {664D406C-2F83-48F0-BFC3-408D5CB53C65}
		{85A6E329-7DE8-450D-87A7-F94CB6D5362C} = {262E306E-78B2-4ED6-B904-E18F1B5CD898}
		{532C03A2-2A33-4331-B519-7B0A70B08480} = {6ED356A7-8B47-4613-AD01-C85CF28491BD}
		{4EFD8893-3392-4ECB-B539-9AF0D4157A92} = {532C03A2-2A33-4331-B519-7B0A70B08480}
		{262E306E-78B2-4ED6-B904-E18F1B5CD898} = {6ED356A7-8B47-4613-AD01-C85CF28491BD}
	EndGlobalSection
	GlobalSection(ExtensibilityGlobals) = postSolution
		SolutionGuid = {3CB609D9-5D54-4C11-A371-DAAC8B74E430}
	EndGlobalSection
EndGlobal
